
Microsoft Visual Studio Solution File, Format Version 11.00
# Visual Studio 2010
# SharpDevelop 5.1
Project("{FAE04EC0-301F-11D3-BF4B-00C04F79EFBC}") = "HttpDemo", "HttpDemo.csproj", "{6B14855E-929B-45F4-A311-E8CB4535A378}"
EndProject
Global
	GlobalSection(SolutionConfigurationPlatforms) = preSolution
		Debug|Any CPU = Debug|Any CPU
		Release|Any CPU = Release|Any CPU
	EndGlobalSection
	GlobalSection(ProjectConfigurationPlatforms) = postSolution
		{6B14855E-929B-45F4-A311-E8CB4535A378}.Debug|Any CPU.ActiveCfg = Debug|Any CPU
		{6B14855E-929B-45F4-A311-E8CB4535A378}.Debug|Any CPU.Build.0 = Debug|Any CPU
		{6B14855E-929B-45F4-A311-E8CB4535A378}.Release|Any CPU.ActiveCfg = Release|Any CPU
		{6B14855E-929B-45F4-A311-E8CB4535A378}.Release|Any CPU.Build.0 = Release|Any CPU
	EndGlobalSection
EndGlobal
